// !$*UTF8*$!
{
	archiveVersion = 1;
	classes = {
	};
	objectVersion = 50;
	objects = {

/* Begin PBXBuildFile section */
		7D79581B260EF333006C7D69 /* AppDelegate.swift in Sources */ = {isa = PBXBuildFile; fileRef = 7D79581A260EF333006C7D69 /* AppDelegate.swift */; };
		7D79581D260EF333006C7D69 /* SceneDelegate.swift in Sources */ = {isa = PBXBuildFile; fileRef = 7D79581C260EF333006C7D69 /* SceneDelegate.swift */; };
		7D795824260EF335006C7D69 /* Assets.xcassets in Resources */ = {isa = PBXBuildFile; fileRef = 7D795823260EF335006C7D69 /* Assets.xcassets */; };
		7D795827260EF335006C7D69 /* LaunchScreen.storyboard in Resources */ = {isa = PBXBuildFile; fileRef = 7D795825260EF335006C7D69 /* LaunchScreen.storyboard */; };
		7D795832260EF336006C7D69 /* LineTests.swift in Sources */ = {isa = PBXBuildFile; fileRef = 7D795831260EF336006C7D69 /* LineTests.swift */; };
		7D79583D260EF336006C7D69 /* LineUITests.swift in Sources */ = {isa = PBXBuildFile; fileRef = 7D79583C260EF336006C7D69 /* LineUITests.swift */; };
		7D8169322617F25F00F37996 /* ChatList.storyboard in Resources */ = {isa = PBXBuildFile; fileRef = 7D8169312617F25F00F37996 /* ChatList.storyboard */; };
		7D8169372617F29100F37996 /* ChatListViewController.swift in Sources */ = {isa = PBXBuildFile; fileRef = 7D8169362617F29100F37996 /* ChatListViewController.swift */; };
		7D81693C2617F97600F37996 /* ChatListTableViewCell.swift in Sources */ = {isa = PBXBuildFile; fileRef = 7D81693B2617F97600F37996 /* ChatListTableViewCell.swift */; };
		7D81694C26181F3500F37996 /* UIColor+Extension.swift in Sources */ = {isa = PBXBuildFile; fileRef = 7D81694B26181F3500F37996 /* UIColor+Extension.swift */; };
		7D81695D2618243700F37996 /* ChatRoom.storyboard in Resources */ = {isa = PBXBuildFile; fileRef = 7D81695C2618243700F37996 /* ChatRoom.storyboard */; };
		7D816966261824CD00F37996 /* ChatRoomViewController.swift in Sources */ = {isa = PBXBuildFile; fileRef = 7D816965261824CD00F37996 /* ChatRoomViewController.swift */; };
		7D81696C26182BA200F37996 /* ChatRoomTableViewCell.xib in Resources */ = {isa = PBXBuildFile; fileRef = 7D81696B26182BA200F37996 /* ChatRoomTableViewCell.xib */; };
		7D81697126182CC400F37996 /* ChatRoomTableViewCell.swift in Sources */ = {isa = PBXBuildFile; fileRef = 7D81697026182CC400F37996 /* ChatRoomTableViewCell.swift */; };
/* End PBXBuildFile section */

/* Begin PBXContainerItemProxy section */
		7D79582E260EF336006C7D69 /* PBXContainerItemProxy */ = {
			isa = PBXContainerItemProxy;
			containerPortal = 7D79580F260EF332006C7D69 /* Project object */;
			proxyType = 1;
			remoteGlobalIDString = 7D795816260EF333006C7D69;
			remoteInfo = Line;
		};
		7D795839260EF336006C7D69 /* PBXContainerItemProxy */ = {
			isa = PBXContainerItemProxy;
			containerPortal = 7D79580F260EF332006C7D69 /* Project object */;
			proxyType = 1;
			remoteGlobalIDString = 7D795816260EF333006C7D69;
			remoteInfo = Line;
		};
/* End PBXContainerItemProxy section */

/* Begin PBXFileReference section */
		7D795817260EF333006C7D69 /* Line.app */ = {isa = PBXFileReference; explicitFileType = wrapper.application; includeInIndex = 0; path = Line.app; sourceTree = BUILT_PRODUCTS_DIR; };
		7D79581A260EF333006C7D69 /* AppDelegate.swift */ = {isa = PBXFileReference; lastKnownFileType = sourcecode.swift; path = AppDelegate.swift; sourceTree = "<group>"; };
		7D79581C260EF333006C7D69 /* SceneDelegate.swift */ = {isa = PBXFileReference; lastKnownFileType = sourcecode.swift; path = SceneDelegate.swift; sourceTree = "<group>"; };
		7D795823260EF335006C7D69 /* Assets.xcassets */ = {isa = PBXFileReference; lastKnownFileType = folder.assetcatalog; path = Assets.xcassets; sourceTree = "<group>"; };
		7D795826260EF335006C7D69 /* Base */ = {isa = PBXFileReference; lastKnownFileType = file.storyboard; name = Base; path = Base.lproj/LaunchScreen.storyboard; sourceTree = "<group>"; };
		7D795828260EF335006C7D69 /* Info.plist */ = {isa = PBXFileReference; lastKnownFileType = text.plist.xml; path = Info.plist; sourceTree = "<group>"; };
		7D79582D260EF336006C7D69 /* LineTests.xctest */ = {isa = PBXFileReference; explicitFileType = wrapper.cfbundle; includeInIndex = 0; path = LineTests.xctest; sourceTree = BUILT_PRODUCTS_DIR; };
		7D795831260EF336006C7D69 /* LineTests.swift */ = {isa = PBXFileReference; lastKnownFileType = sourcecode.swift; path = LineTests.swift; sourceTree = "<group>"; };
		7D795833260EF336006C7D69 /* Info.plist */ = {isa = PBXFileReference; lastKnownFileType = text.plist.xml; path = Info.plist; sourceTree = "<group>"; };
		7D795838260EF336006C7D69 /* LineUITests.xctest */ = {isa = PBXFileReference; explicitFileType = wrapper.cfbundle; includeInIndex = 0; path = LineUITests.xctest; sourceTree = BUILT_PRODUCTS_DIR; };
		7D79583C260EF336006C7D69 /* LineUITests.swift */ = {isa = PBXFileReference; lastKnownFileType = sourcecode.swift; path = LineUITests.swift; sourceTree = "<group>"; };
		7D79583E260EF336006C7D69 /* Info.plist */ = {isa = PBXFileReference; lastKnownFileType = text.plist.xml; path = Info.plist; sourceTree = "<group>"; };
		7D8169312617F25F00F37996 /* ChatList.storyboard */ = {isa = PBXFileReference; lastKnownFileType = file.storyboard; path = ChatList.storyboard; sourceTree = "<group>"; };
		7D8169362617F29100F37996 /* ChatListViewController.swift */ = {isa = PBXFileReference; lastKnownFileType = sourcecode.swift; path = ChatListViewController.swift; sourceTree = "<group>"; };
		7D81693B2617F97600F37996 /* ChatListTableViewCell.swift */ = {isa = PBXFileReference; lastKnownFileType = sourcecode.swift; path = ChatListTableViewCell.swift; sourceTree = "<group>"; };
		7D81694B26181F3500F37996 /* UIColor+Extension.swift */ = {isa = PBXFileReference; lastKnownFileType = sourcecode.swift; path = "UIColor+Extension.swift"; sourceTree = "<group>"; };
		7D81695C2618243700F37996 /* ChatRoom.storyboard */ = {isa = PBXFileReference; lastKnownFileType = file.storyboard; path = ChatRoom.storyboard; sourceTree = "<group>"; };
		7D816965261824CD00F37996 /* ChatRoomViewController.swift */ = {isa = PBXFileReference; lastKnownFileType = sourcecode.swift; path = ChatRoomViewController.swift; sourceTree = "<group>"; };
		7D81696B26182BA200F37996 /* ChatRoomTableViewCell.xib */ = {isa = PBXFileReference; lastKnownFileType = file.xib; path = ChatRoomTableViewCell.xib; sourceTree = "<group>"; };
		7D81697026182CC400F37996 /* ChatRoomTableViewCell.swift */ = {isa = PBXFileReference; lastKnownFileType = sourcecode.swift; path = ChatRoomTableViewCell.swift; sourceTree = "<group>"; };
/* End PBXFileReference section */

/* Begin PBXFrameworksBuildPhase section */
		7D795814260EF333006C7D69 /* Frameworks */ = {
			isa = PBXFrameworksBuildPhase;
			buildActionMask = 2147483647;
			files = (
			);
			runOnlyForDeploymentPostprocessing = 0;
		};
		7D79582A260EF336006C7D69 /* Frameworks */ = {
			isa = PBXFrameworksBuildPhase;
			buildActionMask = 2147483647;
			files = (
			);
			runOnlyForDeploymentPostprocessing = 0;
		};
		7D795835260EF336006C7D69 /* Frameworks */ = {
			isa = PBXFrameworksBuildPhase;
			buildActionMask = 2147483647;
			files = (
			);
			runOnlyForDeploymentPostprocessing = 0;
		};
/* End PBXFrameworksBuildPhase section */

/* Begin PBXGroup section */
		7D79580E260EF332006C7D69 = {
			isa = PBXGroup;
			children = (
				7D795819260EF333006C7D69 /* Line */,
				7D795830260EF336006C7D69 /* LineTests */,
				7D79583B260EF336006C7D69 /* LineUITests */,
				7D795818260EF333006C7D69 /* Products */,
			);
			sourceTree = "<group>";
		};
		7D795818260EF333006C7D69 /* Products */ = {
			isa = PBXGroup;
			children = (
				7D795817260EF333006C7D69 /* Line.app */,
				7D79582D260EF336006C7D69 /* LineTests.xctest */,
				7D795838260EF336006C7D69 /* LineUITests.xctest */,
			);
			name = Products;
			sourceTree = "<group>";
		};
		7D795819260EF333006C7D69 /* Line */ = {
			isa = PBXGroup;
			children = (
				7D8169612618243D00F37996 /* ChatRoom */,
				7D81694A26181F1900F37996 /* Utils */,
				7D81694926181ECD00F37996 /* ChatList */,
				7D79581A260EF333006C7D69 /* AppDelegate.swift */,
				7D79581C260EF333006C7D69 /* SceneDelegate.swift */,
				7D795823260EF335006C7D69 /* Assets.xcassets */,
				7D795825260EF335006C7D69 /* LaunchScreen.storyboard */,
				7D795828260EF335006C7D69 /* Info.plist */,
			);
			path = Line;
			sourceTree = "<group>";
		};
		7D795830260EF336006C7D69 /* LineTests */ = {
			isa = PBXGroup;
			children = (
				7D795831260EF336006C7D69 /* LineTests.swift */,
				7D795833260EF336006C7D69 /* Info.plist */,
			);
			path = LineTests;
			sourceTree = "<group>";
		};
		7D79583B260EF336006C7D69 /* LineUITests */ = {
			isa = PBXGroup;
			children = (
				7D79583C260EF336006C7D69 /* LineUITests.swift */,
				7D79583E260EF336006C7D69 /* Info.plist */,
			);
			path = LineUITests;
			sourceTree = "<group>";
		};
		7D81694926181ECD00F37996 /* ChatList */ = {
			isa = PBXGroup;
			children = (
				7D8169312617F25F00F37996 /* ChatList.storyboard */,
				7D8169362617F29100F37996 /* ChatListViewController.swift */,
				7D81693B2617F97600F37996 /* ChatListTableViewCell.swift */,
			);
			path = ChatList;
			sourceTree = "<group>";
		};
		7D81694A26181F1900F37996 /* Utils */ = {
			isa = PBXGroup;
			children = (
				7D81694B26181F3500F37996 /* UIColor+Extension.swift */,
			);
			path = Utils;
			sourceTree = "<group>";
		};
		7D8169612618243D00F37996 /* ChatRoom */ = {
			isa = PBXGroup;
			children = (
				7D81696A26182B8700F37996 /* Cell */,
				7D81695C2618243700F37996 /* ChatRoom.storyboard */,
				7D816965261824CD00F37996 /* ChatRoomViewController.swift */,
			);
			path = ChatRoom;
			sourceTree = "<group>";
		};
		7D81696A26182B8700F37996 /* Cell */ = {
			isa = PBXGroup;
			children = (
				7D81696B26182BA200F37996 /* ChatRoomTableViewCell.xib */,
				7D81697026182CC400F37996 /* ChatRoomTableViewCell.swift */,
			);
			path = Cell;
			sourceTree = "<group>";
		};
/* End PBXGroup section */

/* Begin PBXNativeTarget section */
		7D795816260EF333006C7D69 /* Line */ = {
			isa = PBXNativeTarget;
			buildConfigurationList = 7D795841260EF336006C7D69 /* Build configuration list for PBXNativeTarget "Line" */;
			buildPhases = (
				7D795813260EF333006C7D69 /* Sources */,
				7D795814260EF333006C7D69 /* Frameworks */,
				7D795815260EF333006C7D69 /* Resources */,
			);
			buildRules = (
			);
			dependencies = (
			);
			name = Line;
			productName = Line;
			productReference = 7D795817260EF333006C7D69 /* Line.app */;
			productType = "com.apple.product-type.application";
		};
		7D79582C260EF336006C7D69 /* LineTests */ = {
			isa = PBXNativeTarget;
			buildConfigurationList = 7D795844260EF336006C7D69 /* Build configuration list for PBXNativeTarget "LineTests" */;
			buildPhases = (
				7D795829260EF336006C7D69 /* Sources */,
				7D79582A260EF336006C7D69 /* Frameworks */,
				7D79582B260EF336006C7D69 /* Resources */,
			);
			buildRules = (
			);
			dependencies = (
				7D79582F260EF336006C7D69 /* PBXTargetDependency */,
			);
			name = LineTests;
			productName = LineTests;
			productReference = 7D79582D260EF336006C7D69 /* LineTests.xctest */;
			productType = "com.apple.product-type.bundle.unit-test";
		};
		7D795837260EF336006C7D69 /* LineUITests */ = {
			isa = PBXNativeTarget;
			buildConfigurationList = 7D795847260EF336006C7D69 /* Build configuration list for PBXNativeTarget "LineUITests" */;
			buildPhases = (
				7D795834260EF336006C7D69 /* Sources */,
				7D795835260EF336006C7D69 /* Frameworks */,
				7D795836260EF336006C7D69 /* Resources */,
			);
			buildRules = (
			);
			dependencies = (
				7D79583A260EF336006C7D69 /* PBXTargetDependency */,
			);
			name = LineUITests;
			productName = LineUITests;
			productReference = 7D795838260EF336006C7D69 /* LineUITests.xctest */;
			productType = "com.apple.product-type.bundle.ui-testing";
		};
/* End PBXNativeTarget section */

/* Begin PBXProject section */
		7D79580F260EF332006C7D69 /* Project object */ = {
			isa = PBXProject;
			attributes = {
				LastSwiftUpdateCheck = 1220;
				LastUpgradeCheck = 1220;
				TargetAttributes = {
					7D795816260EF333006C7D69 = {
						CreatedOnToolsVersion = 12.2;
					};
					7D79582C260EF336006C7D69 = {
						CreatedOnToolsVersion = 12.2;
						TestTargetID = 7D795816260EF333006C7D69;
					};
					7D795837260EF336006C7D69 = {
						CreatedOnToolsVersion = 12.2;
						TestTargetID = 7D795816260EF333006C7D69;
					};
				};
			};
			buildConfigurationList = 7D795812260EF332006C7D69 /* Build configuration list for PBXProject "Line" */;
			compatibilityVersion = "Xcode 9.3";
			developmentRegion = en;
			hasScannedForEncodings = 0;
			knownRegions = (
				en,
				Base,
			);
			mainGroup = 7D79580E260EF332006C7D69;
			productRefGroup = 7D795818260EF333006C7D69 /* Products */;
			projectDirPath = "";
			projectRoot = "";
			targets = (
				7D795816260EF333006C7D69 /* Line */,
				7D79582C260EF336006C7D69 /* LineTests */,
				7D795837260EF336006C7D69 /* LineUITests */,
			);
		};
/* End PBXProject section */

/* Begin PBXResourcesBuildPhase section */
		7D795815260EF333006C7D69 /* Resources */ = {
			isa = PBXResourcesBuildPhase;
			buildActionMask = 2147483647;
			files = (
				7D81696C26182BA200F37996 /* ChatRoomTableViewCell.xib in Resources */,
				7D795827260EF335006C7D69 /* LaunchScreen.storyboard in Resources */,
				7D795824260EF335006C7D69 /* Assets.xcassets in Resources */,
				7D8169322617F25F00F37996 /* ChatList.storyboard in Resources */,
				7D81695D2618243700F37996 /* ChatRoom.storyboard in Resources */,
			);
			runOnlyForDeploymentPostprocessing = 0;
		};
		7D79582B260EF336006C7D69 /* Resources */ = {
			isa = PBXResourcesBuildPhase;
			buildActionMask = 2147483647;
			files = (
			);
			runOnlyForDeploymentPostprocessing = 0;
		};
		7D795836260EF336006C7D69 /* Resources */ = {
			isa = PBXResourcesBuildPhase;
			buildActionMask = 2147483647;
			files = (
			);
			runOnlyForDeploymentPostprocessing = 0;
		};
/* End PBXResourcesBuildPhase section */

/* Begin PBXSourcesBuildPhase section */
		7D795813260EF333006C7D69 /* Sources */ = {
			isa = PBXSourcesBuildPhase;
			buildActionMask = 2147483647;
			files = (
				7D81697126182CC400F37996 /* ChatRoomTableViewCell.swift in Sources */,
				7D81693C2617F97600F37996 /* ChatListTableViewCell.swift in Sources */,
				7D79581B260EF333006C7D69 /* AppDelegate.swift in Sources */,
				7D8169372617F29100F37996 /* ChatListViewController.swift in Sources */,
				7D79581D260EF333006C7D69 /* SceneDelegate.swift in Sources */,
				7D81694C26181F3500F37996 /* UIColor+Extension.swift in Sources */,
				7D816966261824CD00F37996 /* ChatRoomViewController.swift in Sources */,
			);
			runOnlyForDeploymentPostprocessing = 0;
		};
		7D795829260EF336006C7D69 /* Sources */ = {
			isa = PBXSourcesBuildPhase;
			buildActionMask = 2147483647;
			files = (
				7D795832260EF336006C7D69 /* LineTests.swift in Sources */,
			);
			runOnlyForDeploymentPostprocessing = 0;
		};
		7D795834260EF336006C7D69 /* Sources */ = {
			isa = PBXSourcesBuildPhase;
			buildActionMask = 2147483647;
			files = (
				7D79583D260EF336006C7D69 /* LineUITests.swift in Sources */,
			);
			runOnlyForDeploymentPostprocessing = 0;
		};
/* End PBXSourcesBuildPhase section */

/* Begin PBXTargetDependency section */
		7D79582F260EF336006C7D69 /* PBXTargetDependency */ = {
			isa = PBXTargetDependency;
			target = 7D795816260EF333006C7D69 /* Line */;
			targetProxy = 7D79582E260EF336006C7D69 /* PBXContainerItemProxy */;
		};
		7D79583A260EF336006C7D69 /* PBXTargetDependency */ = {
			isa = PBXTargetDependency;
			target = 7D795816260EF333006C7D69 /* Line */;
			targetProxy = 7D795839260EF336006C7D69 /* PBXContainerItemProxy */;
		};
/* End PBXTargetDependency section */

/* Begin PBXVariantGroup section */
		7D795825260EF335006C7D69 /* LaunchScreen.storyboard */ = {
			isa = PBXVariantGroup;
			children = (
				7D795826260EF335006C7D69 /* Base */,
			);
			name = LaunchScreen.storyboard;
			sourceTree = "<group>";
		};
/* End PBXVariantGroup section */

/* Begin XCBuildConfiguration section */
		7D79583F260EF336006C7D69 /* Debug */ = {
			isa = XCBuildConfiguration;
			buildSettings = {
				ALWAYS_SEARCH_USER_PATHS = NO;
				CLANG_ANALYZER_NONNULL = YES;
				CLANG_ANALYZER_NUMBER_OBJECT_CONVERSION = YES_AGGRESSIVE;
				CLANG_CXX_LANGUAGE_STANDARD = "gnu++14";
				CLANG_CXX_LIBRARY = "libc++";
				CLANG_ENABLE_MODULES = YES;
				CLANG_ENABLE_OBJC_ARC = YES;
				CLANG_ENABLE_OBJC_WEAK = YES;
				CLANG_WARN_BLOCK_CAPTURE_AUTORELEASING = YES;
				CLANG_WARN_BOOL_CONVERSION = YES;
				CLANG_WARN_COMMA = YES;
				CLANG_WARN_CONSTANT_CONVERSION = YES;
				CLANG_WARN_DEPRECATED_OBJC_IMPLEMENTATIONS = YES;
				CLANG_WARN_DIRECT_OBJC_ISA_USAGE = YES_ERROR;
				CLANG_WARN_DOCUMENTATION_COMMENTS = YES;
				CLANG_WARN_EMPTY_BODY = YES;
				CLANG_WARN_ENUM_CONVERSION = YES;
				CLANG_WARN_INFINITE_RECURSION = YES;
				CLANG_WARN_INT_CONVERSION = YES;
				CLANG_WARN_NON_LITERAL_NULL_CONVERSION = YES;
				CLANG_WARN_OBJC_IMPLICIT_RETAIN_SELF = YES;
				CLANG_WARN_OBJC_LITERAL_CONVERSION = YES;
				CLANG_WARN_OBJC_ROOT_CLASS = YES_ERROR;
				CLANG_WARN_QUOTED_INCLUDE_IN_FRAMEWORK_HEADER = YES;
				CLANG_WARN_RANGE_LOOP_ANALYSIS = YES;
				CLANG_WARN_STRICT_PROTOTYPES = YES;
				CLANG_WARN_SUSPICIOUS_MOVE = YES;
				CLANG_WARN_UNGUARDED_AVAILABILITY = YES_AGGRESSIVE;
				CLANG_WARN_UNREACHABLE_CODE = YES;
				CLANG_WARN__DUPLICATE_METHOD_MATCH = YES;
				COPY_PHASE_STRIP = NO;
				DEBUG_INFORMATION_FORMAT = dwarf;
				ENABLE_STRICT_OBJC_MSGSEND = YES;
				ENABLE_TESTABILITY = YES;
				GCC_C_LANGUAGE_STANDARD = gnu11;
				GCC_DYNAMIC_NO_PIC = NO;
				GCC_NO_COMMON_BLOCKS = YES;
				GCC_OPTIMIZATION_LEVEL = 0;
				GCC_PREPROCESSOR_DEFINITIONS = (
					"DEBUG=1",
					"$(inherited)",
				);
				GCC_WARN_64_TO_32_BIT_CONVERSION = YES;
				GCC_WARN_ABOUT_RETURN_TYPE = YES_ERROR;
				GCC_WARN_UNDECLARED_SELECTOR = YES;
				GCC_WARN_UNINITIALIZED_AUTOS = YES_AGGRESSIVE;
				GCC_WARN_UNUSED_FUNCTION = YES;
				GCC_WARN_UNUSED_VARIABLE = YES;
				IPHONEOS_DEPLOYMENT_TARGET = 14.2;
				MTL_ENABLE_DEBUG_INFO = INCLUDE_SOURCE;
				MTL_FAST_MATH = YES;
				ONLY_ACTIVE_ARCH = YES;
				SDKROOT = iphoneos;
				SWIFT_ACTIVE_COMPILATION_CONDITIONS = DEBUG;
				SWIFT_OPTIMIZATION_LEVEL = "-Onone";
			};
			name = Debug;
		};
		7D795840260EF336006C7D69 /* Release */ = {
			isa = XCBuildConfiguration;
			buildSettings = {
				ALWAYS_SEARCH_USER_PATHS = NO;
				CLANG_ANALYZER_NONNULL = YES;
				CLANG_ANALYZER_NUMBER_OBJECT_CONVERSION = YES_AGGRESSIVE;
				CLANG_CXX_LANGUAGE_STANDARD = "gnu++14";
				CLANG_CXX_LIBRARY = "libc++";
				CLANG_ENABLE_MODULES = YES;
				CLANG_ENABLE_OBJC_ARC = YES;
				CLANG_ENABLE_OBJC_WEAK = YES;
				CLANG_WARN_BLOCK_CAPTURE_AUTORELEASING = YES;
				CLANG_WARN_BOOL_CONVERSION = YES;
				CLANG_WARN_COMMA = YES;
				CLANG_WARN_CONSTANT_CONVERSION = YES;
				CLANG_WARN_DEPRECATED_OBJC_IMPLEMENTATIONS = YES;
				CLANG_WARN_DIRECT_OBJC_ISA_USAGE = YES_ERROR;
				CLANG_WARN_DOCUMENTATION_COMMENTS = YES;
				CLANG_WARN_EMPTY_BODY = YES;
				CLANG_WARN_ENUM_CONVERSION = YES;
				CLANG_WARN_INFINITE_RECURSION = YES;
				CLANG_WARN_INT_CONVERSION = YES;
				CLANG_WARN_NON_LITERAL_NULL_CONVERSION = YES;
				CLANG_WARN_OBJC_IMPLICIT_RETAIN_SELF = YES;
				CLANG_WARN_OBJC_LITERAL_CONVERSION = YES;
				CLANG_WARN_OBJC_ROOT_CLASS = YES_ERROR;
				CLANG_WARN_QUOTED_INCLUDE_IN_FRAMEWORK_HEADER = YES;
				CLANG_WARN_RANGE_LOOP_ANALYSIS = YES;
				CLANG_WARN_STRICT_PROTOTYPES = YES;
				CLANG_WARN_SUSPICIOUS_MOVE = YES;
				CLANG_WARN_UNGUARDED_AVAILABILITY = YES_AGGRESSIVE;
				CLANG_WARN_UNREACHABLE_CODE = YES;
				CLANG_WARN__DUPLICATE_METHOD_MATCH = YES;
				COPY_PHASE_STRIP = NO;
				DEBUG_INFORMATION_FORMAT = "dwarf-with-dsym";
				ENABLE_NS_ASSERTIONS = NO;
				ENABLE_STRICT_OBJC_MSGSEND = YES;
				GCC_C_LANGUAGE_STANDARD = gnu11;
				GCC_NO_COMMON_BLOCKS = YES;
				GCC_WARN_64_TO_32_BIT_CONVERSION = YES;
				GCC_WARN_ABOUT_RETURN_TYPE = YES_ERROR;
				GCC_WARN_UNDECLARED_SELECTOR = YES;
				GCC_WARN_UNINITIALIZED_AUTOS = YES_AGGRESSIVE;
				GCC_WARN_UNUSED_FUNCTION = YES;
				GCC_WARN_UNUSED_VARIABLE = YES;
				IPHONEOS_DEPLOYMENT_TARGET = 14.2;
				MTL_ENABLE_DEBUG_INFO = NO;
				MTL_FAST_MATH = YES;
				SDKROOT = iphoneos;
				SWIFT_COMPILATION_MODE = wholemodule;
				SWIFT_OPTIMIZATION_LEVEL = "-O";
				VALIDATE_PRODUCT = YES;
			};
			name = Release;
		};
		7D795842260EF336006C7D69 /* Debug */ = {
			isa = XCBuildConfiguration;
			buildSettings = {
				ASSETCATALOG_COMPILER_APPICON_NAME = AppIcon;
				ASSETCATALOG_COMPILER_GLOBAL_ACCENT_COLOR_NAME = AccentColor;
				CODE_SIGN_STYLE = Automatic;
				DEVELOPMENT_TEAM = FL6R74M259;
				INFOPLIST_FILE = Line/Info.plist;
				LD_RUNPATH_SEARCH_PATHS = (
					"$(inherited)",
					"@executable_path/Frameworks",
				);
				PRODUCT_BUNDLE_IDENTIFIER = com.yoshihisa.Line;
				PRODUCT_NAME = "$(TARGET_NAME)";
				SWIFT_VERSION = 5.0;
				TARGETED_DEVICE_FAMILY = "1,2";
			};
			name = Debug;
		};
		7D795843260EF336006C7D69 /* Release */ = {
			isa = XCBuildConfiguration;
			buildSettings = {
				ASSETCATALOG_COMPILER_APPICON_NAME = AppIcon;
				ASSETCATALOG_COMPILER_GLOBAL_ACCENT_COLOR_NAME = AccentColor;
				CODE_SIGN_STYLE = Automatic;
				DEVELOPMENT_TEAM = FL6R74M259;
				INFOPLIST_FILE = Line/Info.plist;
				LD_RUNPATH_SEARCH_PATHS = (
					"$(inherited)",
					"@executable_path/Frameworks",
				);
				PRODUCT_BUNDLE_IDENTIFIER = com.yoshihisa.Line;
				PRODUCT_NAME = "$(TARGET_NAME)";
				SWIFT_VERSION = 5.0;
				TARGETED_DEVICE_FAMILY = "1,2";
			};
			name = Release;
		};
		7D795845260EF336006C7D69 /* Debug */ = {
			isa = XCBuildConfiguration;
			buildSettings = {
				ALWAYS_EMBED_SWIFT_STANDARD_LIBRARIES = YES;
				BUNDLE_LOADER = "$(TEST_HOST)";
				CODE_SIGN_STYLE = Automatic;
				DEVELOPMENT_TEAM = FL6R74M259;
				INFOPLIST_FILE = LineTests/Info.plist;
				IPHONEOS_DEPLOYMENT_TARGET = 14.2;
				LD_RUNPATH_SEARCH_PATHS = (
					"$(inherited)",
					"@executable_path/Frameworks",
					"@loader_path/Frameworks",
				);
				PRODUCT_BUNDLE_IDENTIFIER = com.yoshihisa.LineTests;
				PRODUCT_NAME = "$(TARGET_NAME)";
				SWIFT_VERSION = 5.0;
				TARGETED_DEVICE_FAMILY = "1,2";
				TEST_HOST = "$(BUILT_PRODUCTS_DIR)/Line.app/Line";
			};
			name = Debug;
		};
		7D795846260EF336006C7D69 /* Release */ = {
			isa = XCBuildConfiguration;
			buildSettings = {
				ALWAYS_EMBED_SWIFT_STANDARD_LIBRARIES = YES;
				BUNDLE_LOADER = "$(TEST_HOST)";
				CODE_SIGN_STYLE = Automatic;
				DEVELOPMENT_TEAM = FL6R74M259;
				INFOPLIST_FILE = LineTests/Info.plist;
				IPHONEOS_DEPLOYMENT_TARGET = 14.2;
				LD_RUNPATH_SEARCH_PATHS = (
					"$(inherited)",
					"@executable_path/Frameworks",
					"@loader_path/Frameworks",
				);
				PRODUCT_BUNDLE_IDENTIFIER = com.yoshihisa.LineTests;
				PRODUCT_NAME = "$(TARGET_NAME)";
				SWIFT_VERSION = 5.0;
				TARGETED_DEVICE_FAMILY = "1,2";
				TEST_HOST = "$(BUILT_PRODUCTS_DIR)/Line.app/Line";
			};
			name = Release;
		};
		7D795848260EF336006C7D69 /* Debug */ = {
			isa = XCBuildConfiguration;
			buildSettings = {
				ALWAYS_EMBED_SWIFT_STANDARD_LIBRARIES = YES;
				CODE_SIGN_STYLE = Automatic;
				DEVELOPMENT_TEAM = FL6R74M259;
				INFOPLIST_FILE = LineUITests/Info.plist;
				LD_RUNPATH_SEARCH_PATHS = (
					"$(inherited)",
					"@executable_path/Frameworks",
					"@loader_path/Frameworks",
				);
				PRODUCT_BUNDLE_IDENTIFIER = com.yoshihisa.LineUITests;
				PRODUCT_NAME = "$(TARGET_NAME)";
				SWIFT_VERSION = 5.0;
				TARGETED_DEVICE_FAMILY = "1,2";
				TEST_TARGET_NAME = Line;
			};
			name = Debug;
		};
		7D795849260EF336006C7D69 /* Release */ = {
			isa = XCBuildConfiguration;
			buildSettings = {
				ALWAYS_EMBED_SWIFT_STANDARD_LIBRARIES = YES;
				CODE_SIGN_STYLE = Automatic;
				DEVELOPMENT_TEAM = FL6R74M259;
				INFOPLIST_FILE = LineUITests/Info.plist;
				LD_RUNPATH_SEARCH_PATHS = (
					"$(inherited)",
					"@executable_path/Frameworks",
					"@loader_path/Frameworks",
				);
				PRODUCT_BUNDLE_IDENTIFIER = com.yoshihisa.LineUITests;
				PRODUCT_NAME = "$(TARGET_NAME)";
				SWIFT_VERSION = 5.0;
				TARGETED_DEVICE_FAMILY = "1,2";
				TEST_TARGET_NAME = Line;
			};
			name = Release;
		};
/* End XCBuildConfiguration section */

/* Begin XCConfigurationList section */
		7D795812260EF332006C7D69 /* Build configuration list for PBXProject "Line" */ = {
			isa = XCConfigurationList;
			buildConfigurations = (
				7D79583F260EF336006C7D69 /* Debug */,
				7D795840260EF336006C7D69 /* Release */,
			);
			defaultConfigurationIsVisible = 0;
			defaultConfigurationName = Release;
		};
		7D795841260EF336006C7D69 /* Build configuration list for PBXNativeTarget "Line" */ = {
			isa = XCConfigurationList;
			buildConfigurations = (
				7D795842260EF336006C7D69 /* Debug */,
				7D795843260EF336006C7D69 /* Release */,
			);
			defaultConfigurationIsVisible = 0;
			defaultConfigurationName = Release;
		};
		7D795844260EF336006C7D69 /* Build configuration list for PBXNativeTarget "LineTests" */ = {
			isa = XCConfigurationList;
			buildConfigurations = (
				7D795845260EF336006C7D69 /* Debug */,
				7D795846260EF336006C7D69 /* Release */,
			);
			defaultConfigurationIsVisible = 0;
			defaultConfigurationName = Release;
		};
		7D795847260EF336006C7D69 /* Build configuration list for PBXNativeTarget "LineUITests" */ = {
			isa = XCConfigurationList;
			buildConfigurations = (
				7D795848260EF336006C7D69 /* Debug */,
				7D795849260EF336006C7D69 /* Release */,
			);
			defaultConfigurationIsVisible = 0;
			defaultConfigurationName = Release;
		};
/* End XCConfigurationList section */
	};
	rootObject = 7D79580F260EF332006C7D69 /* Project object */;
}
